
Microsoft Visual Studio Solution File, Format Version 12.00
# Visual Studio Version 17
VisualStudioVersion = 17.12.35527.113
MinimumVisualStudioVersion = 10.0.40219.1
Project("{FAE04EC0-301F-11D3-BF4B-00C04F79EFBC}") = "CustomerApi", "CustomerApi\CustomerApi.csproj", "{D3E8D7EA-6AFB-4002-96B6-B969317F889F}"
EndProject
Project("{FAE04EC0-301F-11D3-BF4B-00C04F79EFBC}") = "CustomerApi.Tests", "CustomerApi.Tests\CustomerApi.Tests.csproj", "{CB9B28F0-6251-4551-BC0A-8B1B4CDF38F7}"
EndProject
Project("{FAE04EC0-301F-11D3-BF4B-00C04F79EFBC}") = "CustomerCli", "CustomerCli\CustomerCli.csproj", "{F61A4099-C575-4331-ACBC-653E10A52D94}"
EndProject
Project("{2150E333-8FDC-42A3-9474-1A3956D46DE8}") = "k8s", "k8s", "{CA9B6AD5-E567-4A6D-A906-5914D726059E}"
	ProjectSection(SolutionItems) = preProject
		deployment.yaml = deployment.yaml
		service.yaml = service.yaml
	EndProjectSection
EndProject
Project("{2150E333-8FDC-42A3-9474-1A3956D46DE8}") = ".github", ".github", "{8A7B98F4-4448-4C1D-BCFF-B212B9452E63}"
EndProject
Project("{2150E333-8FDC-42A3-9474-1A3956D46DE8}") = "workflows", "workflows", "{62124055-367D-401F-8E44-A45EDF26B9E8}"
	ProjectSection(SolutionItems) = preProject
		ci.yml = ci.yml
	EndProjectSection
EndProject
Project("{2150E333-8FDC-42A3-9474-1A3956D46DE8}") = "Solution Items", "Solution Items", "{FBC1AE0C-B2CC-48D7-A1E0-80D3D7976744}"
	ProjectSection(SolutionItems) = preProject
		README.md = README.md
	EndProjectSection
EndProject
Global
	GlobalSection(SolutionConfigurationPlatforms) = preSolution
		Debug|Any CPU = Debug|Any CPU
		Release|Any CPU = Release|Any CPU
	EndGlobalSection
	GlobalSection(ProjectConfigurationPlatforms) = postSolution
		{D3E8D7EA-6AFB-4002-96B6-B969317F889F}.Debug|Any CPU.ActiveCfg = Debug|Any CPU
		{D3E8D7EA-6AFB-4002-96B6-B969317F889F}.Debug|Any CPU.Build.0 = Debug|Any CPU
		{D3E8D7EA-6AFB-4002-96B6-B969317F889F}.Release|Any CPU.ActiveCfg = Release|Any CPU
		{D3E8D7EA-6AFB-4002-96B6-B969317F889F}.Release|Any CPU.Build.0 = Release|Any CPU
		{CB9B28F0-6251-4551-BC0A-8B1B4CDF38F7}.Debug|Any CPU.ActiveCfg = Debug|Any CPU
		{CB9B28F0-6251-4551-BC0A-8B1B4CDF38F7}.Debug|Any CPU.Build.0 = Debug|Any CPU
		{CB9B28F0-6251-4551-BC0A-8B1B4CDF38F7}.Release|Any CPU.ActiveCfg = Release|Any CPU
		{CB9B28F0-6251-4551-BC0A-8B1B4CDF38F7}.Release|Any CPU.Build.0 = Release|Any CPU
		{F61A4099-C575-4331-ACBC-653E10A52D94}.Debug|Any CPU.ActiveCfg = Debug|Any CPU
		{F61A4099-C575-4331-ACBC-653E10A52D94}.Debug|Any CPU.Build.0 = Debug|Any CPU
		{F61A4099-C575-4331-ACBC-653E10A52D94}.Release|Any CPU.ActiveCfg = Release|Any CPU
		{F61A4099-C575-4331-ACBC-653E10A52D94}.Release|Any CPU.Build.0 = Release|Any CPU
	EndGlobalSection
	GlobalSection(SolutionProperties) = preSolution
		HideSolutionNode = FALSE
	EndGlobalSection
	GlobalSection(NestedProjects) = preSolution
		{62124055-367D-401F-8E44-A45EDF26B9E8} = {8A7B98F4-4448-4C1D-BCFF-B212B9452E63}
	EndGlobalSection
EndGlobal
